
Microsoft Visual Studio Solution File, Format Version 12.00
# Visual Studio Version 16
VisualStudioVersion = 16.0.32901.82
MinimumVisualStudioVersion = 10.0.40219.1
Project("{FAE04EC0-301F-11D3-BF4B-00C04F79EFBC}") = "STM32_sjis_conv", "STM32_sjis_conv.csproj", "{F38EA908-E971-41F9-BC23-5BC39246BC9A}"
EndProject
Global
	GlobalSection(SolutionConfigurationPlatforms) = preSolution
		Debug|Any CPU = Debug|Any CPU
		Release|Any CPU = Release|Any CPU
	EndGlobalSection
	GlobalSection(ProjectConfigurationPlatforms) = postSolution
		{F38EA908-E971-41F9-BC23-5BC39246BC9A}.Debug|Any CPU.ActiveCfg = Debug|Any CPU
		{F38EA908-E971-41F9-BC23-5BC39246BC9A}.Debug|Any CPU.Build.0 = Debug|Any CPU
		{F38EA908-E971-41F9-BC23-5BC39246BC9A}.Release|Any CPU.ActiveCfg = Release|Any CPU
		{F38EA908-E971-41F9-BC23-5BC39246BC9A}.Release|Any CPU.Build.0 = Release|Any CPU
	EndGlobalSection
	GlobalSection(SolutionProperties) = preSolution
		HideSolutionNode = FALSE
	EndGlobalSection
	GlobalSection(ExtensibilityGlobals) = postSolution
		SolutionGuid = {EA877E33-79E0-4927-8F02-D754A0A72DB7}
	EndGlobalSection
EndGlobal
